
Microsoft Visual Studio Solution File, Format Version 12.00
# Visual Studio Version 16
VisualStudioVersion = 16.0.29905.134
MinimumVisualStudioVersion = 10.0.40219.1
Project("{FAE04EC0-301F-11D3-BF4B-00C04F79EFBC}") = "MySyno", "MySyno\MySyno.csproj", "{1D7E4DD5-49DB-479C-84C7-DB315C3F4266}"
EndProject
Global
	GlobalSection(SolutionConfigurationPlatforms) = preSolution
		Debug|Any CPU = Debug|Any CPU
		Release|Any CPU = Release|Any CPU
	EndGlobalSection
	GlobalSection(ProjectConfigurationPlatforms) = postSolution
		{1D7E4DD5-49DB-479C-84C7-DB315C3F4266}.Debug|Any CPU.ActiveCfg = Debug|Any CPU
		{1D7E4DD5-49DB-479C-84C7-DB315C3F4266}.Debug|Any CPU.Build.0 = Debug|Any CPU
		{1D7E4DD5-49DB-479C-84C7-DB315C3F4266}.Release|Any CPU.ActiveCfg = Release|Any CPU
		{1D7E4DD5-49DB-479C-84C7-DB315C3F4266}.Release|Any CPU.Build.0 = Release|Any CPU
	EndGlobalSection
	GlobalSection(SolutionProperties) = preSolution
		HideSolutionNode = FALSE
	EndGlobalSection
	GlobalSection(ExtensibilityGlobals) = postSolution
		SolutionGuid = {8C93D8FC-F9AD-407E-90B3-24831A3B09A3}
	EndGlobalSection
EndGlobal
